
Microsoft Visual Studio Solution File, Format Version 12.00
Project("{FAE04EC0-301F-11D3-BF4B-00C04F79EFBC}") = "DanmakuClient", "DanmakuClient.csproj", "{2B19D702-7987-4CF0-8D1D-6A04BEE6D971}"
EndProject
Global
	GlobalSection(SolutionConfigurationPlatforms) = preSolution
		Debug|Any CPU = Debug|Any CPU
		Release|Any CPU = Release|Any CPU
	EndGlobalSection
	GlobalSection(ProjectConfigurationPlatforms) = postSolution
		{2B19D702-7987-4CF0-8D1D-6A04BEE6D971}.Debug|Any CPU.ActiveCfg = Debug|Any CPU
		{2B19D702-7987-4CF0-8D1D-6A04BEE6D971}.Debug|Any CPU.Build.0 = Debug|Any CPU
		{2B19D702-7987-4CF0-8D1D-6A04BEE6D971}.Release|Any CPU.ActiveCfg = Release|Any CPU
		{2B19D702-7987-4CF0-8D1D-6A04BEE6D971}.Release|Any CPU.Build.0 = Release|Any CPU
	EndGlobalSection
EndGlobal
